{
  "nodes": {
    "nixpkgs": {
      "locked": {
        "lastModified": 1762261699,
        "narHash": "sha256-GceY7gYXgiFK/XrknQmMTUtva1o+87/Sb8eVT/9batc=",
        "rev": "f646317c4052d86e5e5ffb00c88202ebd00d9920",
        "type": "tarball",
        "url": "https://releases.nixos.org/nixos/unstable-small/nixos-25.11pre889284.f646317c4052/nixexprs.tar.xz"
      },
      "original": {
        "type": "tarball",
        "url": "https://channels.nixos.org/nixos-unstable-small/nixexprs.tar.xz"
      }
    },
    "root": {
      "inputs": {
        "nixpkgs": "nixpkgs"
      }
    }
  },
  "root": "root",
  "version": 7
}
