{
  "nodes": {
    "nixpkgs": {
      "locked": {
        "lastModified": 1759139698,
        "narHash": "sha256-dYEa+HfyK1aDjLslYeaRsulTMXK9RVx+u7Y/ZW7Jm7g=",
        "rev": "2832ea42013e888a9b453b0390a40780c9b5b260",
        "type": "tarball",
        "url": "https://releases.nixos.org/nixos/unstable-small/nixos-25.11pre868904.2832ea42013e/nixexprs.tar.xz"
      },
      "original": {
        "type": "tarball",
        "url": "https://channels.nixos.org/nixos-unstable-small/nixexprs.tar.xz"
      }
    },
    "root": {
      "inputs": {
        "nixpkgs": "nixpkgs"
      }
    }
  },
  "root": "root",
  "version": 7
}
